
Microsoft Visual Studio Solution File, Format Version 12.00
# Visual Studio Version 17
VisualStudioVersion = 17.11.35222.181
MinimumVisualStudioVersion = 10.0.40219.1
Project("{8BC9CEB8-8B4A-11D0-8D11-00A0C91BC942}") = "Task1", "2024.09.28-Homework-2\2024.09.28-Homework-2.vcxproj", "{873B43EC-9F1E-4445-AACD-0192D0E1ED9C}"
EndProject
Project("{8BC9CEB8-8B4A-11D0-8D11-00A0C91BC942}") = "Task2", "Task2\Task2.vcxproj", "{7DC00DB5-E4F5-431A-A334-2F7B61D9B817}"
EndProject
Project("{8BC9CEB8-8B4A-11D0-8D11-00A0C91BC942}") = "Task3", "Task3\Task3.vcxproj", "{79F5E963-DBAB-4F3B-A5C5-BE8854A92A54}"
EndProject
Project("{8BC9CEB8-8B4A-11D0-8D11-00A0C91BC942}") = "Task4", "Task4\Task4.vcxproj", "{079B56A1-409F-4C09-901C-078857A3400A}"
EndProject
Project("{8BC9CEB8-8B4A-11D0-8D11-00A0C91BC942}") = "Task5", "Task5\Task5.vcxproj", "{AC3AB630-25BE-4C06-8954-033C7970F010}"
EndProject
Project("{8BC9CEB8-8B4A-11D0-8D11-00A0C91BC942}") = "Task7", "Task7\Task7.vcxproj", "{4704393E-7BA0-41CF-B4BE-301CB708F293}"
EndProject
Project("{8BC9CEB8-8B4A-11D0-8D11-00A0C91BC942}") = "Task6", "Task6\Task6.vcxproj", "{FCFBA6AB-ECB3-4FFA-B9B2-81BBF5F9089F}"
EndProject
Project("{8BC9CEB8-8B4A-11D0-8D11-00A0C91BC942}") = "Task9", "Task9\Task9.vcxproj", "{9AD809C9-AAEA-4A4E-B305-E85FCDBA3196}"
EndProject
Project("{8BC9CEB8-8B4A-11D0-8D11-00A0C91BC942}") = "Task10", "Task10\Task10.vcxproj", "{DA0BB602-F25E-4C6C-8608-64F6151547D5}"
EndProject
Project("{8BC9CEB8-8B4A-11D0-8D11-00A0C91BC942}") = "Task8", "Task8\Task8.vcxproj", "{485DA3C9-2181-4C24-BAFB-5481BDF85281}"
EndProject
Global
	GlobalSection(SolutionConfigurationPlatforms) = preSolution
		Debug|x64 = Debug|x64
		Debug|x86 = Debug|x86
		Release|x64 = Release|x64
		Release|x86 = Release|x86
	EndGlobalSection
	GlobalSection(ProjectConfigurationPlatforms) = postSolution
		{873B43EC-9F1E-4445-AACD-0192D0E1ED9C}.Debug|x64.ActiveCfg = Debug|x64
		{873B43EC-9F1E-4445-AACD-0192D0E1ED9C}.Debug|x64.Build.0 = Debug|x64
		{873B43EC-9F1E-4445-AACD-0192D0E1ED9C}.Debug|x86.ActiveCfg = Debug|Win32
		{873B43EC-9F1E-4445-AACD-0192D0E1ED9C}.Debug|x86.Build.0 = Debug|Win32
		{873B43EC-9F1E-4445-AACD-0192D0E1ED9C}.Release|x64.ActiveCfg = Release|x64
		{873B43EC-9F1E-4445-AACD-0192D0E1ED9C}.Release|x64.Build.0 = Release|x64
		{873B43EC-9F1E-4445-AACD-0192D0E1ED9C}.Release|x86.ActiveCfg = Release|Win32
		{873B43EC-9F1E-4445-AACD-0192D0E1ED9C}.Release|x86.Build.0 = Release|Win32
		{7DC00DB5-E4F5-431A-A334-2F7B61D9B817}.Debug|x64.ActiveCfg = Debug|x64
		{7DC00DB5-E4F5-431A-A334-2F7B61D9B817}.Debug|x64.Build.0 = Debug|x64
		{7DC00DB5-E4F5-431A-A334-2F7B61D9B817}.Debug|x86.ActiveCfg = Debug|Win32
		{7DC00DB5-E4F5-431A-A334-2F7B61D9B817}.Debug|x86.Build.0 = Debug|Win32
		{7DC00DB5-E4F5-431A-A334-2F7B61D9B817}.Release|x64.ActiveCfg = Release|x64
		{7DC00DB5-E4F5-431A-A334-2F7B61D9B817}.Release|x64.Build.0 = Release|x64
		{7DC00DB5-E4F5-431A-A334-2F7B61D9B817}.Release|x86.ActiveCfg = Release|Win32
		{7DC00DB5-E4F5-431A-A334-2F7B61D9B817}.Release|x86.Build.0 = Release|Win32
		{79F5E963-DBAB-4F3B-A5C5-BE8854A92A54}.Debug|x64.ActiveCfg = Debug|x64
		{79F5E963-DBAB-4F3B-A5C5-BE8854A92A54}.Debug|x64.Build.0 = Debug|x64
		{79F5E963-DBAB-4F3B-A5C5-BE8854A92A54}.Debug|x86.ActiveCfg = Debug|Win32
		{79F5E963-DBAB-4F3B-A5C5-BE8854A92A54}.Debug|x86.Build.0 = Debug|Win32
		{79F5E963-DBAB-4F3B-A5C5-BE8854A92A54}.Release|x64.ActiveCfg = Release|x64
		{79F5E963-DBAB-4F3B-A5C5-BE8854A92A54}.Release|x64.Build.0 = Release|x64
		{79F5E963-DBAB-4F3B-A5C5-BE8854A92A54}.Release|x86.ActiveCfg = Release|Win32
		{79F5E963-DBAB-4F3B-A5C5-BE8854A92A54}.Release|x86.Build.0 = Release|Win32
		{079B56A1-409F-4C09-901C-078857A3400A}.Debug|x64.ActiveCfg = Debug|x64
		{079B56A1-409F-4C09-901C-078857A3400A}.Debug|x64.Build.0 = Debug|x64
		{079B56A1-409F-4C09-901C-078857A3400A}.Debug|x86.ActiveCfg = Debug|Win32
		{079B56A1-409F-4C09-901C-078857A3400A}.Debug|x86.Build.0 = Debug|Win32
		{079B56A1-409F-4C09-901C-078857A3400A}.Release|x64.ActiveCfg = Release|x64
		{079B56A1-409F-4C09-901C-078857A3400A}.Release|x64.Build.0 = Release|x64
		{079B56A1-409F-4C09-901C-078857A3400A}.Release|x86.ActiveCfg = Release|Win32
		{079B56A1-409F-4C09-901C-078857A3400A}.Release|x86.Build.0 = Release|Win32
		{AC3AB630-25BE-4C06-8954-033C7970F010}.Debug|x64.ActiveCfg = Debug|x64
		{AC3AB630-25BE-4C06-8954-033C7970F010}.Debug|x64.Build.0 = Debug|x64
		{AC3AB630-25BE-4C06-8954-033C7970F010}.Debug|x86.ActiveCfg = Debug|Win32
		{AC3AB630-25BE-4C06-8954-033C7970F010}.Debug|x86.Build.0 = Debug|Win32
		{AC3AB630-25BE-4C06-8954-033C7970F010}.Release|x64.ActiveCfg = Release|x64
		{AC3AB630-25BE-4C06-8954-033C7970F010}.Release|x64.Build.0 = Release|x64
		{AC3AB630-25BE-4C06-8954-033C7970F010}.Release|x86.ActiveCfg = Release|Win32
		{AC3AB630-25BE-4C06-8954-033C7970F010}.Release|x86.Build.0 = Release|Win32
		{4704393E-7BA0-41CF-B4BE-301CB708F293}.Debug|x64.ActiveCfg = Debug|x64
		{4704393E-7BA0-41CF-B4BE-301CB708F293}.Debug|x64.Build.0 = Debug|x64
		{4704393E-7BA0-41CF-B4BE-301CB708F293}.Debug|x86.ActiveCfg = Debug|Win32
		{4704393E-7BA0-41CF-B4BE-301CB708F293}.Debug|x86.Build.0 = Debug|Win32
		{4704393E-7BA0-41CF-B4BE-301CB708F293}.Release|x64.ActiveCfg = Release|x64
		{4704393E-7BA0-41CF-B4BE-301CB708F293}.Release|x64.Build.0 = Release|x64
		{4704393E-7BA0-41CF-B4BE-301CB708F293}.Release|x86.ActiveCfg = Release|Win32
		{4704393E-7BA0-41CF-B4BE-301CB708F293}.Release|x86.Build.0 = Release|Win32
		{FCFBA6AB-ECB3-4FFA-B9B2-81BBF5F9089F}.Debug|x64.ActiveCfg = Debug|x64
		{FCFBA6AB-ECB3-4FFA-B9B2-81BBF5F9089F}.Debug|x64.Build.0 = Debug|x64
		{FCFBA6AB-ECB3-4FFA-B9B2-81BBF5F9089F}.Debug|x86.ActiveCfg = Debug|Win32
		{FCFBA6AB-ECB3-4FFA-B9B2-81BBF5F9089F}.Debug|x86.Build.0 = Debug|Win32
		{FCFBA6AB-ECB3-4FFA-B9B2-81BBF5F9089F}.Release|x64.ActiveCfg = Release|x64
		{FCFBA6AB-ECB3-4FFA-B9B2-81BBF5F9089F}.Release|x64.Build.0 = Release|x64
		{FCFBA6AB-ECB3-4FFA-B9B2-81BBF5F9089F}.Release|x86.ActiveCfg = Release|Win32
		{FCFBA6AB-ECB3-4FFA-B9B2-81BBF5F9089F}.Release|x86.Build.0 = Release|Win32
		{9AD809C9-AAEA-4A4E-B305-E85FCDBA3196}.Debug|x64.ActiveCfg = Debug|x64
		{9AD809C9-AAEA-4A4E-B305-E85FCDBA3196}.Debug|x64.Build.0 = Debug|x64
		{9AD809C9-AAEA-4A4E-B305-E85FCDBA3196}.Debug|x86.ActiveCfg = Debug|Win32
		{9AD809C9-AAEA-4A4E-B305-E85FCDBA3196}.Debug|x86.Build.0 = Debug|Win32
		{9AD809C9-AAEA-4A4E-B305-E85FCDBA3196}.Release|x64.ActiveCfg = Release|x64
		{9AD809C9-AAEA-4A4E-B305-E85FCDBA3196}.Release|x64.Build.0 = Release|x64
		{9AD809C9-AAEA-4A4E-B305-E85FCDBA3196}.Release|x86.ActiveCfg = Release|Win32
		{9AD809C9-AAEA-4A4E-B305-E85FCDBA3196}.Release|x86.Build.0 = Release|Win32
		{DA0BB602-F25E-4C6C-8608-64F6151547D5}.Debug|x64.ActiveCfg = Debug|x64
		{DA0BB602-F25E-4C6C-8608-64F6151547D5}.Debug|x64.Build.0 = Debug|x64
		{DA0BB602-F25E-4C6C-8608-64F6151547D5}.Debug|x86.ActiveCfg = Debug|Win32
		{DA0BB602-F25E-4C6C-8608-64F6151547D5}.Debug|x86.Build.0 = Debug|Win32
		{DA0BB602-F25E-4C6C-8608-64F6151547D5}.Release|x64.ActiveCfg = Release|x64
		{DA0BB602-F25E-4C6C-8608-64F6151547D5}.Release|x64.Build.0 = Release|x64
		{DA0BB602-F25E-4C6C-8608-64F6151547D5}.Release|x86.ActiveCfg = Release|Win32
		{DA0BB602-F25E-4C6C-8608-64F6151547D5}.Release|x86.Build.0 = Release|Win32
		{485DA3C9-2181-4C24-BAFB-5481BDF85281}.Debug|x64.ActiveCfg = Debug|x64
		{485DA3C9-2181-4C24-BAFB-5481BDF85281}.Debug|x64.Build.0 = Debug|x64
		{485DA3C9-2181-4C24-BAFB-5481BDF85281}.Debug|x86.ActiveCfg = Debug|Win32
		{485DA3C9-2181-4C24-BAFB-5481BDF85281}.Debug|x86.Build.0 = Debug|Win32
		{485DA3C9-2181-4C24-BAFB-5481BDF85281}.Release|x64.ActiveCfg = Release|x64
		{485DA3C9-2181-4C24-BAFB-5481BDF85281}.Release|x64.Build.0 = Release|x64
		{485DA3C9-2181-4C24-BAFB-5481BDF85281}.Release|x86.ActiveCfg = Release|Win32
		{485DA3C9-2181-4C24-BAFB-5481BDF85281}.Release|x86.Build.0 = Release|Win32
	EndGlobalSection
	GlobalSection(SolutionProperties) = preSolution
		HideSolutionNode = FALSE
	EndGlobalSection
	GlobalSection(ExtensibilityGlobals) = postSolution
		SolutionGuid = {6BFC8C30-4EA3-445E-92CB-361A6DFA32FA}
	EndGlobalSection
EndGlobal
